// !$*UTF8*$!
{
	archiveVersion = 1;
	classes = {
	};
	objectVersion = 55;
	objects = {

/* Begin PBXBuildFile section */
		844826F2D87EE3B8001B40AF /* ConsultarController.swift in Sources */ = {isa = PBXBuildFile; fileRef = 844826F1D87EE3B8001B40AF /* ConsultarController.swift */; };
		844826F7D87EE4CE001B40AF /* Alumno.swift in Sources */ = {isa = PBXBuildFile; fileRef = 844826F6D87EE4CE001B40AF /* Alumno.swift */; };
		844826F9D87EE7B3001B40AF /* CeldaAlumnoController.swift in Sources */ = {isa = PBXBuildFile; fileRef = 844826F8D87EE7B3001B40AF /* CeldaAlumnoController.swift */; };
		84D25A2FD87EDE1D006B896F /* AppDelegate.swift in Sources */ = {isa = PBXBuildFile; fileRef = 84D25A2ED87EDE1D006B896F /* AppDelegate.swift */; };
		84D25A31D87EDE1D006B896F /* SceneDelegate.swift in Sources */ = {isa = PBXBuildFile; fileRef = 84D25A30D87EDE1D006B896F /* SceneDelegate.swift */; };
		84D25A33D87EDE1D006B896F /* ViewController.swift in Sources */ = {isa = PBXBuildFile; fileRef = 84D25A32D87EDE1D006B896F /* ViewController.swift */; };
		84D25A36D87EDE1D006B896F /* Main.storyboard in Resources */ = {isa = PBXBuildFile; fileRef = 84D25A34D87EDE1D006B896F /* Main.storyboard */; };
		84D25A38D87EDE31006B896F /* Assets.xcassets in Resources */ = {isa = PBXBuildFile; fileRef = 84D25A37D87EDE31006B896F /* Assets.xcassets */; };
		84D25A3BD87EDE31006B896F /* LaunchScreen.storyboard in Resources */ = {isa = PBXBuildFile; fileRef = 84D25A39D87EDE31006B896F /* LaunchScreen.storyboard */; };
/* End PBXBuildFile section */

/* Begin PBXFileReference section */
		844826F1D87EE3B8001B40AF /* ConsultarController.swift */ = {isa = PBXFileReference; lastKnownFileType = sourcecode.swift; path = ConsultarController.swift; sourceTree = "<group>"; };
		844826F6D87EE4CE001B40AF /* Alumno.swift */ = {isa = PBXFileReference; lastKnownFileType = sourcecode.swift; path = Alumno.swift; sourceTree = "<group>"; };
		844826F8D87EE7B3001B40AF /* CeldaAlumnoController.swift */ = {isa = PBXFileReference; lastKnownFileType = sourcecode.swift; path = CeldaAlumnoController.swift; sourceTree = "<group>"; };
		84D25A2BD87EDE1D006B896F /* Constraints.app */ = {isa = PBXFileReference; explicitFileType = wrapper.application; includeInIndex = 0; path = Constraints.app; sourceTree = BUILT_PRODUCTS_DIR; };
		84D25A2ED87EDE1D006B896F /* AppDelegate.swift */ = {isa = PBXFileReference; lastKnownFileType = sourcecode.swift; path = AppDelegate.swift; sourceTree = "<group>"; };
		84D25A30D87EDE1D006B896F /* SceneDelegate.swift */ = {isa = PBXFileReference; lastKnownFileType = sourcecode.swift; path = SceneDelegate.swift; sourceTree = "<group>"; };
		84D25A32D87EDE1D006B896F /* ViewController.swift */ = {isa = PBXFileReference; lastKnownFileType = sourcecode.swift; path = ViewController.swift; sourceTree = "<group>"; };
		84D25A35D87EDE1D006B896F /* Base */ = {isa = PBXFileReference; lastKnownFileType = file.storyboard; name = Base; path = Base.lproj/Main.storyboard; sourceTree = "<group>"; };
		84D25A37D87EDE31006B896F /* Assets.xcassets */ = {isa = PBXFileReference; lastKnownFileType = folder.assetcatalog; path = Assets.xcassets; sourceTree = "<group>"; };
		84D25A3AD87EDE31006B896F /* Base */ = {isa = PBXFileReference; lastKnownFileType = file.storyboard; name = Base; path = Base.lproj/LaunchScreen.storyboard; sourceTree = "<group>"; };
		84D25A3CD87EDE31006B896F /* Info.plist */ = {isa = PBXFileReference; lastKnownFileType = text.plist.xml; path = Info.plist; sourceTree = "<group>"; };
/* End PBXFileReference section */

/* Begin PBXFrameworksBuildPhase section */
		84D25A28D87EDE1D006B896F /* Frameworks */ = {
			isa = PBXFrameworksBuildPhase;
			buildActionMask = 2147483647;
			files = (
			);
			runOnlyForDeploymentPostprocessing = 0;
		};
/* End PBXFrameworksBuildPhase section */

/* Begin PBXGroup section */
		844826F0D87EE39E001B40AF /* Controllers */ = {
			isa = PBXGroup;
			children = (
				844826F1D87EE3B8001B40AF /* ConsultarController.swift */,
				844826F8D87EE7B3001B40AF /* CeldaAlumnoController.swift */,
			);
			path = Controllers;
			sourceTree = "<group>";
		};
		844826F3D87EE4A9001B40AF /* Classes */ = {
			isa = PBXGroup;
			children = (
				844826F6D87EE4CE001B40AF /* Alumno.swift */,
			);
			path = Classes;
			sourceTree = "<group>";
		};
		84D25A22D87EDE1D006B896F = {
			isa = PBXGroup;
			children = (
				84D25A2DD87EDE1D006B896F /* Constraints */,
				84D25A2CD87EDE1D006B896F /* Products */,
			);
			sourceTree = "<group>";
		};
		84D25A2CD87EDE1D006B896F /* Products */ = {
			isa = PBXGroup;
			children = (
				84D25A2BD87EDE1D006B896F /* Constraints.app */,
			);
			name = Products;
			sourceTree = "<group>";
		};
		84D25A2DD87EDE1D006B896F /* Constraints */ = {
			isa = PBXGroup;
			children = (
				844826F3D87EE4A9001B40AF /* Classes */,
				844826F0D87EE39E001B40AF /* Controllers */,
				84D25A2ED87EDE1D006B896F /* AppDelegate.swift */,
				84D25A30D87EDE1D006B896F /* SceneDelegate.swift */,
				84D25A32D87EDE1D006B896F /* ViewController.swift */,
				84D25A34D87EDE1D006B896F /* Main.storyboard */,
				84D25A37D87EDE31006B896F /* Assets.xcassets */,
				84D25A39D87EDE31006B896F /* LaunchScreen.storyboard */,
				84D25A3CD87EDE31006B896F /* Info.plist */,
			);
			path = Constraints;
			sourceTree = "<group>";
		};
/* End PBXGroup section */

/* Begin PBXNativeTarget section */
		84D25A2AD87EDE1D006B896F /* Constraints */ = {
			isa = PBXNativeTarget;
			buildConfigurationList = 84D25A3FD87EDE31006B896F /* Build configuration list for PBXNativeTarget "Constraints" */;
			buildPhases = (
				84D25A27D87EDE1D006B896F /* Sources */,
				84D25A28D87EDE1D006B896F /* Frameworks */,
				84D25A29D87EDE1D006B896F /* Resources */,
			);
			buildRules = (
			);
			dependencies = (
			);
			name = Constraints;
			productName = Constraints;
			productReference = 84D25A2BD87EDE1D006B896F /* Constraints.app */;
			productType = "com.apple.product-type.application";
		};
/* End PBXNativeTarget section */

/* Begin PBXProject section */
		84D25A23D87EDE1D006B896F /* Project object */ = {
			isa = PBXProject;
			attributes = {
				BuildIndependentTargetsInParallel = 1;
				LastSwiftUpdateCheck = 1320;
				LastUpgradeCheck = 1320;
				TargetAttributes = {
					84D25A2AD87EDE1D006B896F = {
						CreatedOnToolsVersion = 13.2;
					};
				};
			};
			buildConfigurationList = 84D25A26D87EDE1D006B896F /* Build configuration list for PBXProject "Constraints" */;
			compatibilityVersion = "Xcode 13.0";
			developmentRegion = en;
			hasScannedForEncodings = 0;
			knownRegions = (
				en,
				Base,
			);
			mainGroup = 84D25A22D87EDE1D006B896F;
			productRefGroup = 84D25A2CD87EDE1D006B896F /* Products */;
			projectDirPath = "";
			projectRoot = "";
			targets = (
				84D25A2AD87EDE1D006B896F /* Constraints */,
			);
		};
/* End PBXProject section */

/* Begin PBXResourcesBuildPhase section */
		84D25A29D87EDE1D006B896F /* Resources */ = {
			isa = PBXResourcesBuildPhase;
			buildActionMask = 2147483647;
			files = (
				84D25A3BD87EDE31006B896F /* LaunchScreen.storyboard in Resources */,
				84D25A38D87EDE31006B896F /* Assets.xcassets in Resources */,
				84D25A36D87EDE1D006B896F /* Main.storyboard in Resources */,
			);
			runOnlyForDeploymentPostprocessing = 0;
		};
/* End PBXResourcesBuildPhase section */

/* Begin PBXSourcesBuildPhase section */
		84D25A27D87EDE1D006B896F /* Sources */ = {
			isa = PBXSourcesBuildPhase;
			buildActionMask = 2147483647;
			files = (
				84D25A33D87EDE1D006B896F /* ViewController.swift in Sources */,
				844826F7D87EE4CE001B40AF /* Alumno.swift in Sources */,
				84D25A2FD87EDE1D006B896F /* AppDelegate.swift in Sources */,
				84D25A31D87EDE1D006B896F /* SceneDelegate.swift in Sources */,
				844826F2D87EE3B8001B40AF /* ConsultarController.swift in Sources */,
				844826F9D87EE7B3001B40AF /* CeldaAlumnoController.swift in Sources */,
			);
			runOnlyForDeploymentPostprocessing = 0;
		};
/* End PBXSourcesBuildPhase section */

/* Begin PBXVariantGroup section */
		84D25A34D87EDE1D006B896F /* Main.storyboard */ = {
			isa = PBXVariantGroup;
			children = (
				84D25A35D87EDE1D006B896F /* Base */,
			);
			name = Main.storyboard;
			sourceTree = "<group>";
		};
		84D25A39D87EDE31006B896F /* LaunchScreen.storyboard */ = {
			isa = PBXVariantGroup;
			children = (
				84D25A3AD87EDE31006B896F /* Base */,
			);
			name = LaunchScreen.storyboard;
			sourceTree = "<group>";
		};
/* End PBXVariantGroup section */

/* Begin XCBuildConfiguration section */
		84D25A3DD87EDE31006B896F /* Debug */ = {
			isa = XCBuildConfiguration;
			buildSettings = {
				ALWAYS_SEARCH_USER_PATHS = NO;
				CLANG_ANALYZER_NONNULL = YES;
				CLANG_ANALYZER_NUMBER_OBJECT_CONVERSION = YES_AGGRESSIVE;
				CLANG_CXX_LANGUAGE_STANDARD = "gnu++17";
				CLANG_CXX_LIBRARY = "libc++";
				CLANG_ENABLE_MODULES = YES;
				CLANG_ENABLE_OBJC_ARC = YES;
				CLANG_ENABLE_OBJC_WEAK = YES;
				CLANG_WARN_BLOCK_CAPTURE_AUTORELEASING = YES;
				CLANG_WARN_BOOL_CONVERSION = YES;
				CLANG_WARN_COMMA = YES;
				CLANG_WARN_CONSTANT_CONVERSION = YES;
				CLANG_WARN_DEPRECATED_OBJC_IMPLEMENTATIONS = YES;
				CLANG_WARN_DIRECT_OBJC_ISA_USAGE = YES_ERROR;
				CLANG_WARN_DOCUMENTATION_COMMENTS = YES;
				CLANG_WARN_EMPTY_BODY = YES;
				CLANG_WARN_ENUM_CONVERSION = YES;
				CLANG_WARN_INFINITE_RECURSION = YES;
				CLANG_WARN_INT_CONVERSION = YES;
				CLANG_WARN_NON_LITERAL_NULL_CONVERSION = YES;
				CLANG_WARN_OBJC_IMPLICIT_RETAIN_SELF = YES;
				CLANG_WARN_OBJC_LITERAL_CONVERSION = YES;
				CLANG_WARN_OBJC_ROOT_CLASS = YES_ERROR;
				CLANG_WARN_QUOTED_INCLUDE_IN_FRAMEWORK_HEADER = YES;
				CLANG_WARN_RANGE_LOOP_ANALYSIS = YES;
				CLANG_WARN_STRICT_PROTOTYPES = YES;
				CLANG_WARN_SUSPICIOUS_MOVE = YES;
				CLANG_WARN_UNGUARDED_AVAILABILITY = YES_AGGRESSIVE;
				CLANG_WARN_UNREACHABLE_CODE = YES;
				CLANG_WARN__DUPLICATE_METHOD_MATCH = YES;
				COPY_PHASE_STRIP = NO;
				DEBUG_INFORMATION_FORMAT = dwarf;
				ENABLE_STRICT_OBJC_MSGSEND = YES;
				ENABLE_TESTABILITY = YES;
				GCC_C_LANGUAGE_STANDARD = gnu11;
				GCC_DYNAMIC_NO_PIC = NO;
				GCC_NO_COMMON_BLOCKS = YES;
				GCC_OPTIMIZATION_LEVEL = 0;
				GCC_PREPROCESSOR_DEFINITIONS = (
					"DEBUG=1",
					"$(inherited)",
				);
				GCC_WARN_64_TO_32_BIT_CONVERSION = YES;
				GCC_WARN_ABOUT_RETURN_TYPE = YES_ERROR;
				GCC_WARN_UNDECLARED_SELECTOR = YES;
				GCC_WARN_UNINITIALIZED_AUTOS = YES_AGGRESSIVE;
				GCC_WARN_UNUSED_FUNCTION = YES;
				GCC_WARN_UNUSED_VARIABLE = YES;
				IPHONEOS_DEPLOYMENT_TARGET = 15.2;
				MTL_ENABLE_DEBUG_INFO = INCLUDE_SOURCE;
				MTL_FAST_MATH = YES;
				ONLY_ACTIVE_ARCH = YES;
				SDKROOT = iphoneos;
				SWIFT_ACTIVE_COMPILATION_CONDITIONS = DEBUG;
				SWIFT_OPTIMIZATION_LEVEL = "-Onone";
			};
			name = Debug;
		};
		84D25A3ED87EDE31006B896F /* Release */ = {
			isa = XCBuildConfiguration;
			buildSettings = {
				ALWAYS_SEARCH_USER_PATHS = NO;
				CLANG_ANALYZER_NONNULL = YES;
				CLANG_ANALYZER_NUMBER_OBJECT_CONVERSION = YES_AGGRESSIVE;
				CLANG_CXX_LANGUAGE_STANDARD = "gnu++17";
				CLANG_CXX_LIBRARY = "libc++";
				CLANG_ENABLE_MODULES = YES;
				CLANG_ENABLE_OBJC_ARC = YES;
				CLANG_ENABLE_OBJC_WEAK = YES;
				CLANG_WARN_BLOCK_CAPTURE_AUTORELEASING = YES;
				CLANG_WARN_BOOL_CONVERSION = YES;
				CLANG_WARN_COMMA = YES;
				CLANG_WARN_CONSTANT_CONVERSION = YES;
				CLANG_WARN_DEPRECATED_OBJC_IMPLEMENTATIONS = YES;
				CLANG_WARN_DIRECT_OBJC_ISA_USAGE = YES_ERROR;
				CLANG_WARN_DOCUMENTATION_COMMENTS = YES;
				CLANG_WARN_EMPTY_BODY = YES;
				CLANG_WARN_ENUM_CONVERSION = YES;
				CLANG_WARN_INFINITE_RECURSION = YES;
				CLANG_WARN_INT_CONVERSION = YES;
				CLANG_WARN_NON_LITERAL_NULL_CONVERSION = YES;
				CLANG_WARN_OBJC_IMPLICIT_RETAIN_SELF = YES;
				CLANG_WARN_OBJC_LITERAL_CONVERSION = YES;
				CLANG_WARN_OBJC_ROOT_CLASS = YES_ERROR;
				CLANG_WARN_QUOTED_INCLUDE_IN_FRAMEWORK_HEADER = YES;
				CLANG_WARN_RANGE_LOOP_ANALYSIS = YES;
				CLANG_WARN_STRICT_PROTOTYPES = YES;
				CLANG_WARN_SUSPICIOUS_MOVE = YES;
				CLANG_WARN_UNGUARDED_AVAILABILITY = YES_AGGRESSIVE;
				CLANG_WARN_UNREACHABLE_CODE = YES;
				CLANG_WARN__DUPLICATE_METHOD_MATCH = YES;
				COPY_PHASE_STRIP = NO;
				DEBUG_INFORMATION_FORMAT = "dwarf-with-dsym";
				ENABLE_NS_ASSERTIONS = NO;
				ENABLE_STRICT_OBJC_MSGSEND = YES;
				GCC_C_LANGUAGE_STANDARD = gnu11;
				GCC_NO_COMMON_BLOCKS = YES;
				GCC_WARN_64_TO_32_BIT_CONVERSION = YES;
				GCC_WARN_ABOUT_RETURN_TYPE = YES_ERROR;
				GCC_WARN_UNDECLARED_SELECTOR = YES;
				GCC_WARN_UNINITIALIZED_AUTOS = YES_AGGRESSIVE;
				GCC_WARN_UNUSED_FUNCTION = YES;
				GCC_WARN_UNUSED_VARIABLE = YES;
				IPHONEOS_DEPLOYMENT_TARGET = 15.2;
				MTL_ENABLE_DEBUG_INFO = NO;
				MTL_FAST_MATH = YES;
				SDKROOT = iphoneos;
				SWIFT_COMPILATION_MODE = wholemodule;
				SWIFT_OPTIMIZATION_LEVEL = "-O";
				VALIDATE_PRODUCT = YES;
			};
			name = Release;
		};
		84D25A40D87EDE31006B896F /* Debug */ = {
			isa = XCBuildConfiguration;
			buildSettings = {
				ASSETCATALOG_COMPILER_APPICON_NAME = AppIcon;
				ASSETCATALOG_COMPILER_GLOBAL_ACCENT_COLOR_NAME = AccentColor;
				CODE_SIGN_STYLE = Automatic;
				CURRENT_PROJECT_VERSION = 1;
				GENERATE_INFOPLIST_FILE = YES;
				INFOPLIST_FILE = Constraints/Info.plist;
				INFOPLIST_KEY_UIApplicationSupportsIndirectInputEvents = YES;
				INFOPLIST_KEY_UILaunchStoryboardName = LaunchScreen;
				INFOPLIST_KEY_UIMainStoryboardFile = Main;
				INFOPLIST_KEY_UISupportedInterfaceOrientations_iPad = "UIInterfaceOrientationPortrait UIInterfaceOrientationPortraitUpsideDown UIInterfaceOrientationLandscapeLeft UIInterfaceOrientationLandscapeRight";
				INFOPLIST_KEY_UISupportedInterfaceOrientations_iPhone = "UIInterfaceOrientationPortrait UIInterfaceOrientationLandscapeLeft UIInterfaceOrientationLandscapeRight";
				LD_RUNPATH_SEARCH_PATHS = (
					"$(inherited)",
					"@executable_path/Frameworks",
				);
				MARKETING_VERSION = 1.0;
				PRODUCT_BUNDLE_IDENTIFIER = aeax.Constraints;
				PRODUCT_NAME = "$(TARGET_NAME)";
				SWIFT_EMIT_LOC_STRINGS = YES;
				SWIFT_VERSION = 5.0;
				TARGETED_DEVICE_FAMILY = "1,2";
			};
			name = Debug;
		};
		84D25A41D87EDE31006B896F /* Release */ = {
			isa = XCBuildConfiguration;
			buildSettings = {
				ASSETCATALOG_COMPILER_APPICON_NAME = AppIcon;
				ASSETCATALOG_COMPILER_GLOBAL_ACCENT_COLOR_NAME = AccentColor;
				CODE_SIGN_STYLE = Automatic;
				CURRENT_PROJECT_VERSION = 1;
				GENERATE_INFOPLIST_FILE = YES;
				INFOPLIST_FILE = Constraints/Info.plist;
				INFOPLIST_KEY_UIApplicationSupportsIndirectInputEvents = YES;
				INFOPLIST_KEY_UILaunchStoryboardName = LaunchScreen;
				INFOPLIST_KEY_UIMainStoryboardFile = Main;
				INFOPLIST_KEY_UISupportedInterfaceOrientations_iPad = "UIInterfaceOrientationPortrait UIInterfaceOrientationPortraitUpsideDown UIInterfaceOrientationLandscapeLeft UIInterfaceOrientationLandscapeRight";
				INFOPLIST_KEY_UISupportedInterfaceOrientations_iPhone = "UIInterfaceOrientationPortrait UIInterfaceOrientationLandscapeLeft UIInterfaceOrientationLandscapeRight";
				LD_RUNPATH_SEARCH_PATHS = (
					"$(inherited)",
					"@executable_path/Frameworks",
				);
				MARKETING_VERSION = 1.0;
				PRODUCT_BUNDLE_IDENTIFIER = aeax.Constraints;
				PRODUCT_NAME = "$(TARGET_NAME)";
				SWIFT_EMIT_LOC_STRINGS = YES;
				SWIFT_VERSION = 5.0;
				TARGETED_DEVICE_FAMILY = "1,2";
			};
			name = Release;
		};
/* End XCBuildConfiguration section */

/* Begin XCConfigurationList section */
		84D25A26D87EDE1D006B896F /* Build configuration list for PBXProject "Constraints" */ = {
			isa = XCConfigurationList;
			buildConfigurations = (
				84D25A3DD87EDE31006B896F /* Debug */,
				84D25A3ED87EDE31006B896F /* Release */,
			);
			defaultConfigurationIsVisible = 0;
			defaultConfigurationName = Release;
		};
		84D25A3FD87EDE31006B896F /* Build configuration list for PBXNativeTarget "Constraints" */ = {
			isa = XCConfigurationList;
			buildConfigurations = (
				84D25A40D87EDE31006B896F /* Debug */,
				84D25A41D87EDE31006B896F /* Release */,
			);
			defaultConfigurationIsVisible = 0;
			defaultConfigurationName = Release;
		};
/* End XCConfigurationList section */
	};
	rootObject = 84D25A23D87EDE1D006B896F /* Project object */;
}
